
Microsoft Visual Studio Solution File, Format Version 12.00
# Visual Studio Version 17
VisualStudioVersion = 17.11.35327.3
MinimumVisualStudioVersion = 10.0.40219.1
Project("{FAE04EC0-301F-11D3-BF4B-00C04F79EFBC}") = "H.W 9.1", "H.W 9.1\H.W 9.1.csproj", "{0A9EDFA0-8067-41A6-8B1B-4970EAC6E670}"
EndProject
Global
	GlobalSection(SolutionConfigurationPlatforms) = preSolution
		Debug|Any CPU = Debug|Any CPU
		Release|Any CPU = Release|Any CPU
	EndGlobalSection
	GlobalSection(ProjectConfigurationPlatforms) = postSolution
		{0A9EDFA0-8067-41A6-8B1B-4970EAC6E670}.Debug|Any CPU.ActiveCfg = Debug|Any CPU
		{0A9EDFA0-8067-41A6-8B1B-4970EAC6E670}.Debug|Any CPU.Build.0 = Debug|Any CPU
		{0A9EDFA0-8067-41A6-8B1B-4970EAC6E670}.Release|Any CPU.ActiveCfg = Release|Any CPU
		{0A9EDFA0-8067-41A6-8B1B-4970EAC6E670}.Release|Any CPU.Build.0 = Release|Any CPU
	EndGlobalSection
	GlobalSection(SolutionProperties) = preSolution
		HideSolutionNode = FALSE
	EndGlobalSection
	GlobalSection(ExtensibilityGlobals) = postSolution
		SolutionGuid = {ED10419E-886A-4F21-8FAE-744FFBE3879B}
	EndGlobalSection
EndGlobal
